// !$*UTF8*$!
{
	archiveVersion = 1;
	classes = {
	};
	objectVersion = 52;
	objects = {

/* Begin PBXBuildFile section */
		640A2E362667505F0001425E /* MainView.swift in Sources */ = {isa = PBXBuildFile; fileRef = 640A2E352667505F0001425E /* MainView.swift */; };
		640A2E372667505F0001425E /* MainView.swift in Sources */ = {isa = PBXBuildFile; fileRef = 640A2E352667505F0001425E /* MainView.swift */; };
		6416FD4426632C5D007141FA /* Apollo.swift in Sources */ = {isa = PBXBuildFile; fileRef = 6416FD4326632C5D007141FA /* Apollo.swift */; };
		6416FD4526632C5D007141FA /* Apollo.swift in Sources */ = {isa = PBXBuildFile; fileRef = 6416FD4326632C5D007141FA /* Apollo.swift */; };
		6416FD482663311B007141FA /* MovieListViewModel.swift in Sources */ = {isa = PBXBuildFile; fileRef = 6416FD472663311B007141FA /* MovieListViewModel.swift */; };
		6416FD492663311B007141FA /* MovieListViewModel.swift in Sources */ = {isa = PBXBuildFile; fileRef = 6416FD472663311B007141FA /* MovieListViewModel.swift */; };
		6416FD4C266333D7007141FA /* MovieCell.swift in Sources */ = {isa = PBXBuildFile; fileRef = 6416FD4B266333D7007141FA /* MovieCell.swift */; };
		6416FD4D266333D7007141FA /* MovieCell.swift in Sources */ = {isa = PBXBuildFile; fileRef = 6416FD4B266333D7007141FA /* MovieCell.swift */; };
		6416FD5026633575007141FA /* Movie.swift in Sources */ = {isa = PBXBuildFile; fileRef = 6416FD4F26633575007141FA /* Movie.swift */; };
		6416FD5126633575007141FA /* Movie.swift in Sources */ = {isa = PBXBuildFile; fileRef = 6416FD4F26633575007141FA /* Movie.swift */; };
		6418DA342664DCBE000964D7 /* MovieDetailView.swift in Sources */ = {isa = PBXBuildFile; fileRef = 6418DA332664DCBE000964D7 /* MovieDetailView.swift */; };
		6418DA352664DCBE000964D7 /* MovieDetailView.swift in Sources */ = {isa = PBXBuildFile; fileRef = 6418DA332664DCBE000964D7 /* MovieDetailView.swift */; };
		642D36FA265B5C2400EC7FF7 /* GetMovie.graphql in Sources */ = {isa = PBXBuildFile; fileRef = 642D36F8265B5C2400EC7FF7 /* GetMovie.graphql */; };
		642D36FD265B5FD500EC7FF7 /* GetUser.graphql in Sources */ = {isa = PBXBuildFile; fileRef = 642D36FB265B5FD500EC7FF7 /* GetUser.graphql */; };
		642D3700265B60CC00EC7FF7 /* GetUsers.graphql in Sources */ = {isa = PBXBuildFile; fileRef = 642D36FE265B60CC00EC7FF7 /* GetUsers.graphql */; };
		646BE45E265B4658009CB03D /* GetMovies.graphql in Sources */ = {isa = PBXBuildFile; fileRef = 646BE45C265B4658009CB03D /* GetMovies.graphql */; };
		646BE461265B4AD5009CB03D /* schema.json in Resources */ = {isa = PBXBuildFile; fileRef = 646BE460265B4AD5009CB03D /* schema.json */; };
		646BE462265B4AD5009CB03D /* schema.json in Resources */ = {isa = PBXBuildFile; fileRef = 646BE460265B4AD5009CB03D /* schema.json */; };
		6476BDC1265B56CF0002CE95 /* ApolloCore in Frameworks */ = {isa = PBXBuildFile; productRef = 6476BDC0265B56CF0002CE95 /* ApolloCore */; };
		6476BDC3265B56CF0002CE95 /* ApolloSQLite in Frameworks */ = {isa = PBXBuildFile; productRef = 6476BDC2265B56CF0002CE95 /* ApolloSQLite */; };
		6476BDC5265B56CF0002CE95 /* ApolloWebSocket in Frameworks */ = {isa = PBXBuildFile; productRef = 6476BDC4265B56CF0002CE95 /* ApolloWebSocket */; };
		6476BDC7265B56CF0002CE95 /* Apollo in Frameworks */ = {isa = PBXBuildFile; productRef = 6476BDC6265B56CF0002CE95 /* Apollo */; };
		6476BDC9265B56CF0002CE95 /* ApolloCodegenLib in Frameworks */ = {isa = PBXBuildFile; productRef = 6476BDC8265B56CF0002CE95 /* ApolloCodegenLib */; };
		649DF8782655EF32005A69C1 /* Tests_iOS.swift in Sources */ = {isa = PBXBuildFile; fileRef = 649DF8772655EF32005A69C1 /* Tests_iOS.swift */; };
		649DF8852655EF32005A69C1 /* FlixApp.swift in Sources */ = {isa = PBXBuildFile; fileRef = 649DF85C2655EF2C005A69C1 /* FlixApp.swift */; };
		649DF8862655EF32005A69C1 /* FlixApp.swift in Sources */ = {isa = PBXBuildFile; fileRef = 649DF85C2655EF2C005A69C1 /* FlixApp.swift */; };
		649DF8872655EF32005A69C1 /* MovieListView.swift in Sources */ = {isa = PBXBuildFile; fileRef = 649DF85D2655EF2C005A69C1 /* MovieListView.swift */; };
		649DF8882655EF32005A69C1 /* MovieListView.swift in Sources */ = {isa = PBXBuildFile; fileRef = 649DF85D2655EF2C005A69C1 /* MovieListView.swift */; };
		649DF8892655EF32005A69C1 /* Assets.xcassets in Resources */ = {isa = PBXBuildFile; fileRef = 649DF85E2655EF32005A69C1 /* Assets.xcassets */; };
		649DF88A2655EF32005A69C1 /* Assets.xcassets in Resources */ = {isa = PBXBuildFile; fileRef = 649DF85E2655EF32005A69C1 /* Assets.xcassets */; };
		649DF89B2655EF71005A69C1 /* LICENSE.md in Resources */ = {isa = PBXBuildFile; fileRef = 649DF8992655EF71005A69C1 /* LICENSE.md */; };
		649DF89C2655EF71005A69C1 /* README.md in Resources */ = {isa = PBXBuildFile; fileRef = 649DF89A2655EF71005A69C1 /* README.md */; };
		64A111B42665C8A90094D018 /* UserListView.swift in Sources */ = {isa = PBXBuildFile; fileRef = 64A111B32665C8A90094D018 /* UserListView.swift */; };
		64A111B52665C8A90094D018 /* UserListView.swift in Sources */ = {isa = PBXBuildFile; fileRef = 64A111B32665C8A90094D018 /* UserListView.swift */; };
		64A111B82665C99A0094D018 /* UserListViewModel.swift in Sources */ = {isa = PBXBuildFile; fileRef = 64A111B72665C99A0094D018 /* UserListViewModel.swift */; };
		64A111B92665C99A0094D018 /* UserListViewModel.swift in Sources */ = {isa = PBXBuildFile; fileRef = 64A111B72665C99A0094D018 /* UserListViewModel.swift */; };
		64A111BB2665CA970094D018 /* UserCell.swift in Sources */ = {isa = PBXBuildFile; fileRef = 64A111BA2665CA970094D018 /* UserCell.swift */; };
		64A111BC2665CA970094D018 /* UserCell.swift in Sources */ = {isa = PBXBuildFile; fileRef = 64A111BA2665CA970094D018 /* UserCell.swift */; };
		64A111BE2665CC4E0094D018 /* UserDetailView.swift in Sources */ = {isa = PBXBuildFile; fileRef = 64A111BD2665CC4E0094D018 /* UserDetailView.swift */; };
		64A111BF2665CC4E0094D018 /* UserDetailView.swift in Sources */ = {isa = PBXBuildFile; fileRef = 64A111BD2665CC4E0094D018 /* UserDetailView.swift */; };
		64A111C12665D9BE0094D018 /* ProfileImageView.swift in Sources */ = {isa = PBXBuildFile; fileRef = 64A111C02665D9BE0094D018 /* ProfileImageView.swift */; };
		64A111C22665D9BE0094D018 /* ProfileImageView.swift in Sources */ = {isa = PBXBuildFile; fileRef = 64A111C02665D9BE0094D018 /* ProfileImageView.swift */; };
		64CEACFE265B706C001632D8 /* Tests_macOS.swift in Sources */ = {isa = PBXBuildFile; fileRef = 649DF8822655EF32005A69C1 /* Tests_macOS.swift */; };
		64EEBF42265DA1DB008D63A8 /* API.swift in Sources */ = {isa = PBXBuildFile; fileRef = 64EEBF41265DA1DB008D63A8 /* API.swift */; };
		64EEBF43265DA1DB008D63A8 /* API.swift in Sources */ = {isa = PBXBuildFile; fileRef = 64EEBF41265DA1DB008D63A8 /* API.swift */; };
/* End PBXBuildFile section */

/* Begin PBXContainerItemProxy section */
		649DF8742655EF32005A69C1 /* PBXContainerItemProxy */ = {
			isa = PBXContainerItemProxy;
			containerPortal = 649DF8572655EF2C005A69C1 /* Project object */;
			proxyType = 1;
			remoteGlobalIDString = 649DF8622655EF32005A69C1;
			remoteInfo = "Flix (iOS)";
		};
		649DF87F2655EF32005A69C1 /* PBXContainerItemProxy */ = {
			isa = PBXContainerItemProxy;
			containerPortal = 649DF8572655EF2C005A69C1 /* Project object */;
			proxyType = 1;
			remoteGlobalIDString = 649DF86A2655EF32005A69C1;
			remoteInfo = "Flix (macOS)";
		};
/* End PBXContainerItemProxy section */

/* Begin PBXCopyFilesBuildPhase section */
		6438252B2659DF2400295770 /* Embed Frameworks */ = {
			isa = PBXCopyFilesBuildPhase;
			buildActionMask = 2147483647;
			dstPath = "";
			dstSubfolderSpec = 10;
			files = (
			);
			name = "Embed Frameworks";
			runOnlyForDeploymentPostprocessing = 0;
		};
/* End PBXCopyFilesBuildPhase section */

/* Begin PBXFileReference section */
		640A2E352667505F0001425E /* MainView.swift */ = {isa = PBXFileReference; lastKnownFileType = sourcecode.swift; path = MainView.swift; sourceTree = "<group>"; };
		6416FD4326632C5D007141FA /* Apollo.swift */ = {isa = PBXFileReference; lastKnownFileType = sourcecode.swift; path = Apollo.swift; sourceTree = "<group>"; };
		6416FD472663311B007141FA /* MovieListViewModel.swift */ = {isa = PBXFileReference; lastKnownFileType = sourcecode.swift; path = MovieListViewModel.swift; sourceTree = "<group>"; };
		6416FD4B266333D7007141FA /* MovieCell.swift */ = {isa = PBXFileReference; lastKnownFileType = sourcecode.swift; path = MovieCell.swift; sourceTree = "<group>"; };
		6416FD4F26633575007141FA /* Movie.swift */ = {isa = PBXFileReference; lastKnownFileType = sourcecode.swift; path = Movie.swift; sourceTree = "<group>"; };
		6418DA332664DCBE000964D7 /* MovieDetailView.swift */ = {isa = PBXFileReference; lastKnownFileType = sourcecode.swift; path = MovieDetailView.swift; sourceTree = "<group>"; };
		642D36F8265B5C2400EC7FF7 /* GetMovie.graphql */ = {isa = PBXFileReference; lastKnownFileType = text; path = GetMovie.graphql; sourceTree = "<group>"; };
		642D36FB265B5FD500EC7FF7 /* GetUser.graphql */ = {isa = PBXFileReference; lastKnownFileType = text; path = GetUser.graphql; sourceTree = "<group>"; };
		642D36FE265B60CC00EC7FF7 /* GetUsers.graphql */ = {isa = PBXFileReference; lastKnownFileType = text; path = GetUsers.graphql; sourceTree = "<group>"; };
		64660E73265B662600A0CE79 /* Flix.app */ = {isa = PBXFileReference; includeInIndex = 0; lastKnownFileType = wrapper.application; path = Flix.app; sourceTree = BUILT_PRODUCTS_DIR; };
		64660E74265B662600A0CE79 /* Flix.app */ = {isa = PBXFileReference; explicitFileType = wrapper.application; includeInIndex = 0; path = Flix.app; sourceTree = BUILT_PRODUCTS_DIR; };
		64660E75265B662600A0CE79 /* Tests iOS.xctest */ = {isa = PBXFileReference; explicitFileType = wrapper.cfbundle; includeInIndex = 0; path = "Tests iOS.xctest"; sourceTree = BUILT_PRODUCTS_DIR; };
		64660E76265B662600A0CE79 /* Tests macOS.xctest */ = {isa = PBXFileReference; explicitFileType = wrapper.cfbundle; includeInIndex = 0; path = "Tests macOS.xctest"; sourceTree = BUILT_PRODUCTS_DIR; };
		646BE45C265B4658009CB03D /* GetMovies.graphql */ = {isa = PBXFileReference; lastKnownFileType = text; path = GetMovies.graphql; sourceTree = "<group>"; };
		646BE460265B4AD5009CB03D /* schema.json */ = {isa = PBXFileReference; fileEncoding = 4; lastKnownFileType = text.json; path = schema.json; sourceTree = "<group>"; };
		649DF85C2655EF2C005A69C1 /* FlixApp.swift */ = {isa = PBXFileReference; lastKnownFileType = sourcecode.swift; path = FlixApp.swift; sourceTree = "<group>"; };
		649DF85D2655EF2C005A69C1 /* MovieListView.swift */ = {isa = PBXFileReference; lastKnownFileType = sourcecode.swift; path = MovieListView.swift; sourceTree = "<group>"; };
		649DF85E2655EF32005A69C1 /* Assets.xcassets */ = {isa = PBXFileReference; lastKnownFileType = folder.assetcatalog; path = Assets.xcassets; sourceTree = "<group>"; };
		649DF8662655EF32005A69C1 /* Info.plist */ = {isa = PBXFileReference; lastKnownFileType = text.plist.xml; path = Info.plist; sourceTree = "<group>"; };
		649DF86D2655EF32005A69C1 /* Info.plist */ = {isa = PBXFileReference; lastKnownFileType = text.plist.xml; path = Info.plist; sourceTree = "<group>"; };
		649DF86E2655EF32005A69C1 /* macOS.entitlements */ = {isa = PBXFileReference; lastKnownFileType = text.plist.entitlements; path = macOS.entitlements; sourceTree = "<group>"; };
		649DF8772655EF32005A69C1 /* Tests_iOS.swift */ = {isa = PBXFileReference; lastKnownFileType = sourcecode.swift; path = Tests_iOS.swift; sourceTree = "<group>"; };
		649DF8792655EF32005A69C1 /* Info.plist */ = {isa = PBXFileReference; lastKnownFileType = text.plist.xml; path = Info.plist; sourceTree = "<group>"; };
		649DF8822655EF32005A69C1 /* Tests_macOS.swift */ = {isa = PBXFileReference; lastKnownFileType = sourcecode.swift; path = Tests_macOS.swift; sourceTree = "<group>"; };
		649DF8842655EF32005A69C1 /* Info.plist */ = {isa = PBXFileReference; lastKnownFileType = text.plist.xml; path = Info.plist; sourceTree = "<group>"; };
		649DF8992655EF71005A69C1 /* LICENSE.md */ = {isa = PBXFileReference; fileEncoding = 4; lastKnownFileType = net.daringfireball.markdown; path = LICENSE.md; sourceTree = "<group>"; };
		649DF89A2655EF71005A69C1 /* README.md */ = {isa = PBXFileReference; fileEncoding = 4; lastKnownFileType = net.daringfireball.markdown; path = README.md; sourceTree = "<group>"; };
		64A111B32665C8A90094D018 /* UserListView.swift */ = {isa = PBXFileReference; lastKnownFileType = sourcecode.swift; path = UserListView.swift; sourceTree = "<group>"; };
		64A111B72665C99A0094D018 /* UserListViewModel.swift */ = {isa = PBXFileReference; lastKnownFileType = sourcecode.swift; path = UserListViewModel.swift; sourceTree = "<group>"; };
		64A111BA2665CA970094D018 /* UserCell.swift */ = {isa = PBXFileReference; lastKnownFileType = sourcecode.swift; path = UserCell.swift; sourceTree = "<group>"; };
		64A111BD2665CC4E0094D018 /* UserDetailView.swift */ = {isa = PBXFileReference; lastKnownFileType = sourcecode.swift; path = UserDetailView.swift; sourceTree = "<group>"; };
		64A111C02665D9BE0094D018 /* ProfileImageView.swift */ = {isa = PBXFileReference; lastKnownFileType = sourcecode.swift; path = ProfileImageView.swift; sourceTree = "<group>"; };
		64EEBF41265DA1DB008D63A8 /* API.swift */ = {isa = PBXFileReference; fileEncoding = 4; lastKnownFileType = sourcecode.swift; path = API.swift; sourceTree = "<group>"; };
/* End PBXFileReference section */

/* Begin PBXFrameworksBuildPhase section */
		649DF8602655EF32005A69C1 /* Frameworks */ = {
			isa = PBXFrameworksBuildPhase;
			buildActionMask = 2147483647;
			files = (
				6476BDC9265B56CF0002CE95 /* ApolloCodegenLib in Frameworks */,
				6476BDC1265B56CF0002CE95 /* ApolloCore in Frameworks */,
				6476BDC7265B56CF0002CE95 /* Apollo in Frameworks */,
				6476BDC5265B56CF0002CE95 /* ApolloWebSocket in Frameworks */,
				6476BDC3265B56CF0002CE95 /* ApolloSQLite in Frameworks */,
			);
			runOnlyForDeploymentPostprocessing = 0;
		};
		649DF8682655EF32005A69C1 /* Frameworks */ = {
			isa = PBXFrameworksBuildPhase;
			buildActionMask = 2147483647;
			files = (
			);
			runOnlyForDeploymentPostprocessing = 0;
		};
		649DF8702655EF32005A69C1 /* Frameworks */ = {
			isa = PBXFrameworksBuildPhase;
			buildActionMask = 2147483647;
			files = (
			);
			runOnlyForDeploymentPostprocessing = 0;
		};
		649DF87B2655EF32005A69C1 /* Frameworks */ = {
			isa = PBXFrameworksBuildPhase;
			buildActionMask = 2147483647;
			files = (
			);
			runOnlyForDeploymentPostprocessing = 0;
		};
/* End PBXFrameworksBuildPhase section */

/* Begin PBXGroup section */
		6416FD462663307C007141FA /* MovieListView */ = {
			isa = PBXGroup;
			children = (
				649DF85D2655EF2C005A69C1 /* MovieListView.swift */,
				6416FD472663311B007141FA /* MovieListViewModel.swift */,
				6416FD4B266333D7007141FA /* MovieCell.swift */,
			);
			path = MovieListView;
			sourceTree = "<group>";
		};
		6416FD4A266333B7007141FA /* Views */ = {
			isa = PBXGroup;
			children = (
				6416FD462663307C007141FA /* MovieListView */,
				6418DA332664DCBE000964D7 /* MovieDetailView.swift */,
				64A111B62665C8C20094D018 /* UserListView */,
				64A111BD2665CC4E0094D018 /* UserDetailView.swift */,
				640A2E352667505F0001425E /* MainView.swift */,
			);
			path = Views;
			sourceTree = "<group>";
		};
		6416FD4E26633565007141FA /* Models */ = {
			isa = PBXGroup;
			children = (
				6416FD4F26633575007141FA /* Movie.swift */,
			);
			path = Models;
			sourceTree = "<group>";
		};
		64251D5E265B6FA30003281F /* Products */ = {
			isa = PBXGroup;
			children = (
				64660E73265B662600A0CE79 /* Flix.app */,
				64660E76265B662600A0CE79 /* Tests macOS.xctest */,
				64660E75265B662600A0CE79 /* Tests iOS.xctest */,
				64660E74265B662600A0CE79 /* Flix.app */,
			);
			path = Products;
			sourceTree = "<group>";
		};
		649DF8562655EF2C005A69C1 = {
			isa = PBXGroup;
			children = (
				649DF8992655EF71005A69C1 /* LICENSE.md */,
				649DF89A2655EF71005A69C1 /* README.md */,
				649DF85B2655EF2C005A69C1 /* Shared */,
				649DF8652655EF32005A69C1 /* iOS */,
				649DF86C2655EF32005A69C1 /* macOS */,
				649DF8762655EF32005A69C1 /* Tests iOS */,
				649DF8812655EF32005A69C1 /* Tests macOS */,
				64251D5E265B6FA30003281F /* Products */,
			);
			sourceTree = "<group>";
		};
		649DF85B2655EF2C005A69C1 /* Shared */ = {
			isa = PBXGroup;
			children = (
				64BA8E2A26657CB2005BA4C0 /* GraphQL */,
				6416FD4E26633565007141FA /* Models */,
				646BE460265B4AD5009CB03D /* schema.json */,
				649DF85C2655EF2C005A69C1 /* FlixApp.swift */,
				6416FD4A266333B7007141FA /* Views */,
				649DF85E2655EF32005A69C1 /* Assets.xcassets */,
				64EEBF41265DA1DB008D63A8 /* API.swift */,
				6416FD4326632C5D007141FA /* Apollo.swift */,
			);
			path = Shared;
			sourceTree = "<group>";
		};
		649DF8652655EF32005A69C1 /* iOS */ = {
			isa = PBXGroup;
			children = (
				649DF8662655EF32005A69C1 /* Info.plist */,
			);
			path = iOS;
			sourceTree = "<group>";
		};
		649DF86C2655EF32005A69C1 /* macOS */ = {
			isa = PBXGroup;
			children = (
				649DF86D2655EF32005A69C1 /* Info.plist */,
				649DF86E2655EF32005A69C1 /* macOS.entitlements */,
			);
			path = macOS;
			sourceTree = "<group>";
		};
		649DF8762655EF32005A69C1 /* Tests iOS */ = {
			isa = PBXGroup;
			children = (
				649DF8772655EF32005A69C1 /* Tests_iOS.swift */,
				649DF8792655EF32005A69C1 /* Info.plist */,
			);
			path = "Tests iOS";
			sourceTree = "<group>";
		};
		649DF8812655EF32005A69C1 /* Tests macOS */ = {
			isa = PBXGroup;
			children = (
				649DF8822655EF32005A69C1 /* Tests_macOS.swift */,
				649DF8842655EF32005A69C1 /* Info.plist */,
			);
			path = "Tests macOS";
			sourceTree = "<group>";
		};
		64A111B62665C8C20094D018 /* UserListView */ = {
			isa = PBXGroup;
			children = (
				64A111B32665C8A90094D018 /* UserListView.swift */,
				64A111B72665C99A0094D018 /* UserListViewModel.swift */,
				64A111BA2665CA970094D018 /* UserCell.swift */,
				64A111C02665D9BE0094D018 /* ProfileImageView.swift */,
			);
			path = UserListView;
			sourceTree = "<group>";
		};
		64BA8E2A26657CB2005BA4C0 /* GraphQL */ = {
			isa = PBXGroup;
			children = (
				64BA8E2B26657CC4005BA4C0 /* Queries */,
			);
			path = GraphQL;
			sourceTree = "<group>";
		};
		64BA8E2B26657CC4005BA4C0 /* Queries */ = {
			isa = PBXGroup;
			children = (
				646BE45C265B4658009CB03D /* GetMovies.graphql */,
				642D36F8265B5C2400EC7FF7 /* GetMovie.graphql */,
				642D36FB265B5FD500EC7FF7 /* GetUser.graphql */,
				642D36FE265B60CC00EC7FF7 /* GetUsers.graphql */,
			);
			path = Queries;
			sourceTree = "<group>";
		};
/* End PBXGroup section */

/* Begin PBXNativeTarget section */
		649DF8622655EF32005A69C1 /* Flix (iOS) */ = {
			isa = PBXNativeTarget;
			buildConfigurationList = 649DF88D2655EF32005A69C1 /* Build configuration list for PBXNativeTarget "Flix (iOS)" */;
			buildPhases = (
				64CEACFF265B710F001632D8 /* Generate Apollo GraphQL API */,
				649DF85F2655EF32005A69C1 /* Sources */,
				649DF8602655EF32005A69C1 /* Frameworks */,
				649DF8612655EF32005A69C1 /* Resources */,
				6438252B2659DF2400295770 /* Embed Frameworks */,
			);
			buildRules = (
			);
			dependencies = (
			);
			name = "Flix (iOS)";
			packageProductDependencies = (
				6476BDC0265B56CF0002CE95 /* ApolloCore */,
				6476BDC2265B56CF0002CE95 /* ApolloSQLite */,
				6476BDC4265B56CF0002CE95 /* ApolloWebSocket */,
				6476BDC6265B56CF0002CE95 /* Apollo */,
				6476BDC8265B56CF0002CE95 /* ApolloCodegenLib */,
			);
			productName = "Flix (iOS)";
			productReference = 64660E73265B662600A0CE79 /* Flix.app */;
			productType = "com.apple.product-type.application";
		};
		649DF86A2655EF32005A69C1 /* Flix (macOS) */ = {
			isa = PBXNativeTarget;
			buildConfigurationList = 649DF8902655EF32005A69C1 /* Build configuration list for PBXNativeTarget "Flix (macOS)" */;
			buildPhases = (
				649DF8672655EF32005A69C1 /* Sources */,
				649DF8682655EF32005A69C1 /* Frameworks */,
				649DF8692655EF32005A69C1 /* Resources */,
			);
			buildRules = (
			);
			dependencies = (
			);
			name = "Flix (macOS)";
			productName = "Flix (macOS)";
			productReference = 64660E74265B662600A0CE79 /* Flix.app */;
			productType = "com.apple.product-type.application";
		};
		649DF8722655EF32005A69C1 /* Tests iOS */ = {
			isa = PBXNativeTarget;
			buildConfigurationList = 649DF8932655EF32005A69C1 /* Build configuration list for PBXNativeTarget "Tests iOS" */;
			buildPhases = (
				649DF86F2655EF32005A69C1 /* Sources */,
				649DF8702655EF32005A69C1 /* Frameworks */,
				649DF8712655EF32005A69C1 /* Resources */,
			);
			buildRules = (
			);
			dependencies = (
				649DF8752655EF32005A69C1 /* PBXTargetDependency */,
			);
			name = "Tests iOS";
			productName = "Tests iOS";
			productReference = 64660E75265B662600A0CE79 /* Tests iOS.xctest */;
			productType = "com.apple.product-type.bundle.ui-testing";
		};
		649DF87D2655EF32005A69C1 /* Tests macOS */ = {
			isa = PBXNativeTarget;
			buildConfigurationList = 649DF8962655EF32005A69C1 /* Build configuration list for PBXNativeTarget "Tests macOS" */;
			buildPhases = (
				649DF87A2655EF32005A69C1 /* Sources */,
				649DF87B2655EF32005A69C1 /* Frameworks */,
				649DF87C2655EF32005A69C1 /* Resources */,
			);
			buildRules = (
			);
			dependencies = (
				649DF8802655EF32005A69C1 /* PBXTargetDependency */,
			);
			name = "Tests macOS";
			productName = "Tests macOS";
			productReference = 64660E76265B662600A0CE79 /* Tests macOS.xctest */;
			productType = "com.apple.product-type.bundle.ui-testing";
		};
/* End PBXNativeTarget section */

/* Begin PBXProject section */
		649DF8572655EF2C005A69C1 /* Project object */ = {
			isa = PBXProject;
			attributes = {
				LastSwiftUpdateCheck = 1250;
				LastUpgradeCheck = 1250;
				TargetAttributes = {
					649DF8622655EF32005A69C1 = {
						CreatedOnToolsVersion = 12.5;
					};
					649DF86A2655EF32005A69C1 = {
						CreatedOnToolsVersion = 12.5;
					};
					649DF8722655EF32005A69C1 = {
						CreatedOnToolsVersion = 12.5;
						TestTargetID = 649DF8622655EF32005A69C1;
					};
					649DF87D2655EF32005A69C1 = {
						CreatedOnToolsVersion = 12.5;
						TestTargetID = 649DF86A2655EF32005A69C1;
					};
				};
			};
			buildConfigurationList = 649DF85A2655EF2C005A69C1 /* Build configuration list for PBXProject "Flix" */;
			compatibilityVersion = "Xcode 9.3";
			developmentRegion = en;
			hasScannedForEncodings = 0;
			knownRegions = (
				en,
				Base,
			);
			mainGroup = 649DF8562655EF2C005A69C1;
			packageReferences = (
				6476BDBF265B56CF0002CE95 /* XCRemoteSwiftPackageReference "apollo-ios" */,
			);
			productRefGroup = 649DF8562655EF2C005A69C1;
			projectDirPath = "";
			projectRoot = "";
			targets = (
				649DF8622655EF32005A69C1 /* Flix (iOS) */,
				649DF86A2655EF32005A69C1 /* Flix (macOS) */,
				649DF8722655EF32005A69C1 /* Tests iOS */,
				649DF87D2655EF32005A69C1 /* Tests macOS */,
			);
		};
/* End PBXProject section */

/* Begin PBXResourcesBuildPhase section */
		649DF8612655EF32005A69C1 /* Resources */ = {
			isa = PBXResourcesBuildPhase;
			buildActionMask = 2147483647;
			files = (
				646BE461265B4AD5009CB03D /* schema.json in Resources */,
				649DF89C2655EF71005A69C1 /* README.md in Resources */,
				649DF89B2655EF71005A69C1 /* LICENSE.md in Resources */,
				649DF8892655EF32005A69C1 /* Assets.xcassets in Resources */,
			);
			runOnlyForDeploymentPostprocessing = 0;
		};
		649DF8692655EF32005A69C1 /* Resources */ = {
			isa = PBXResourcesBuildPhase;
			buildActionMask = 2147483647;
			files = (
				646BE462265B4AD5009CB03D /* schema.json in Resources */,
				649DF88A2655EF32005A69C1 /* Assets.xcassets in Resources */,
			);
			runOnlyForDeploymentPostprocessing = 0;
		};
		649DF8712655EF32005A69C1 /* Resources */ = {
			isa = PBXResourcesBuildPhase;
			buildActionMask = 2147483647;
			files = (
			);
			runOnlyForDeploymentPostprocessing = 0;
		};
		649DF87C2655EF32005A69C1 /* Resources */ = {
			isa = PBXResourcesBuildPhase;
			buildActionMask = 2147483647;
			files = (
			);
			runOnlyForDeploymentPostprocessing = 0;
		};
/* End PBXResourcesBuildPhase section */

/* Begin PBXShellScriptBuildPhase section */
		64CEACFF265B710F001632D8 /* Generate Apollo GraphQL API */ = {
			isa = PBXShellScriptBuildPhase;
			buildActionMask = 2147483647;
			files = (
			);
			inputFileListPaths = (
			);
			inputPaths = (
			);
			name = "Generate Apollo GraphQL API";
			outputFileListPaths = (
			);
			outputPaths = (
			);
			runOnlyForDeploymentPostprocessing = 0;
			shellPath = /bin/sh;
			shellScript = "cd \"${SRCROOT}\"/ApolloCodegen\nxcrun -sdk macosx swift run ApolloCodegen generate\n";
		};
/* End PBXShellScriptBuildPhase section */

/* Begin PBXSourcesBuildPhase section */
		649DF85F2655EF32005A69C1 /* Sources */ = {
			isa = PBXSourcesBuildPhase;
			buildActionMask = 2147483647;
			files = (
				649DF8872655EF32005A69C1 /* MovieListView.swift in Sources */,
				640A2E362667505F0001425E /* MainView.swift in Sources */,
				649DF8852655EF32005A69C1 /* FlixApp.swift in Sources */,
				64A111B82665C99A0094D018 /* UserListViewModel.swift in Sources */,
				6418DA342664DCBE000964D7 /* MovieDetailView.swift in Sources */,
				64A111C12665D9BE0094D018 /* ProfileImageView.swift in Sources */,
				64A111BE2665CC4E0094D018 /* UserDetailView.swift in Sources */,
				6416FD4426632C5D007141FA /* Apollo.swift in Sources */,
				64EEBF42265DA1DB008D63A8 /* API.swift in Sources */,
				6416FD4C266333D7007141FA /* MovieCell.swift in Sources */,
				64A111BB2665CA970094D018 /* UserCell.swift in Sources */,
				64A111B42665C8A90094D018 /* UserListView.swift in Sources */,
				6416FD5026633575007141FA /* Movie.swift in Sources */,
				6416FD482663311B007141FA /* MovieListViewModel.swift in Sources */,
			);
			runOnlyForDeploymentPostprocessing = 0;
		};
		649DF8672655EF32005A69C1 /* Sources */ = {
			isa = PBXSourcesBuildPhase;
			buildActionMask = 2147483647;
			files = (
				649DF8882655EF32005A69C1 /* MovieListView.swift in Sources */,
				64CEACFE265B706C001632D8 /* Tests_macOS.swift in Sources */,
				64A111B92665C99A0094D018 /* UserListViewModel.swift in Sources */,
				6416FD5126633575007141FA /* Movie.swift in Sources */,
				64A111BF2665CC4E0094D018 /* UserDetailView.swift in Sources */,
				640A2E372667505F0001425E /* MainView.swift in Sources */,
				646BE45E265B4658009CB03D /* GetMovies.graphql in Sources */,
				64A111C22665D9BE0094D018 /* ProfileImageView.swift in Sources */,
				6416FD4D266333D7007141FA /* MovieCell.swift in Sources */,
				642D3700265B60CC00EC7FF7 /* GetUsers.graphql in Sources */,
				64A111B52665C8A90094D018 /* UserListView.swift in Sources */,
				6416FD4526632C5D007141FA /* Apollo.swift in Sources */,
				6418DA352664DCBE000964D7 /* MovieDetailView.swift in Sources */,
				642D36FA265B5C2400EC7FF7 /* GetMovie.graphql in Sources */,
				649DF8862655EF32005A69C1 /* FlixApp.swift in Sources */,
				64EEBF43265DA1DB008D63A8 /* API.swift in Sources */,
				64A111BC2665CA970094D018 /* UserCell.swift in Sources */,
				642D36FD265B5FD500EC7FF7 /* GetUser.graphql in Sources */,
				6416FD492663311B007141FA /* MovieListViewModel.swift in Sources */,
			);
			runOnlyForDeploymentPostprocessing = 0;
		};
		649DF86F2655EF32005A69C1 /* Sources */ = {
			isa = PBXSourcesBuildPhase;
			buildActionMask = 2147483647;
			files = (
				649DF8782655EF32005A69C1 /* Tests_iOS.swift in Sources */,
			);
			runOnlyForDeploymentPostprocessing = 0;
		};
		649DF87A2655EF32005A69C1 /* Sources */ = {
			isa = PBXSourcesBuildPhase;
			buildActionMask = 2147483647;
			files = (
			);
			runOnlyForDeploymentPostprocessing = 0;
		};
/* End PBXSourcesBuildPhase section */

/* Begin PBXTargetDependency section */
		649DF8752655EF32005A69C1 /* PBXTargetDependency */ = {
			isa = PBXTargetDependency;
			target = 649DF8622655EF32005A69C1 /* Flix (iOS) */;
			targetProxy = 649DF8742655EF32005A69C1 /* PBXContainerItemProxy */;
		};
		649DF8802655EF32005A69C1 /* PBXTargetDependency */ = {
			isa = PBXTargetDependency;
			target = 649DF86A2655EF32005A69C1 /* Flix (macOS) */;
			targetProxy = 649DF87F2655EF32005A69C1 /* PBXContainerItemProxy */;
		};
/* End PBXTargetDependency section */

/* Begin XCBuildConfiguration section */
		649DF88B2655EF32005A69C1 /* Debug */ = {
			isa = XCBuildConfiguration;
			buildSettings = {
				ALWAYS_SEARCH_USER_PATHS = NO;
				CLANG_ANALYZER_NONNULL = YES;
				CLANG_ANALYZER_NUMBER_OBJECT_CONVERSION = YES_AGGRESSIVE;
				CLANG_CXX_LANGUAGE_STANDARD = "gnu++14";
				CLANG_CXX_LIBRARY = "libc++";
				CLANG_ENABLE_MODULES = YES;
				CLANG_ENABLE_OBJC_ARC = YES;
				CLANG_ENABLE_OBJC_WEAK = YES;
				CLANG_WARN_BLOCK_CAPTURE_AUTORELEASING = YES;
				CLANG_WARN_BOOL_CONVERSION = YES;
				CLANG_WARN_COMMA = YES;
				CLANG_WARN_CONSTANT_CONVERSION = YES;
				CLANG_WARN_DEPRECATED_OBJC_IMPLEMENTATIONS = YES;
				CLANG_WARN_DIRECT_OBJC_ISA_USAGE = YES_ERROR;
				CLANG_WARN_DOCUMENTATION_COMMENTS = YES;
				CLANG_WARN_EMPTY_BODY = YES;
				CLANG_WARN_ENUM_CONVERSION = YES;
				CLANG_WARN_INFINITE_RECURSION = YES;
				CLANG_WARN_INT_CONVERSION = YES;
				CLANG_WARN_NON_LITERAL_NULL_CONVERSION = YES;
				CLANG_WARN_OBJC_IMPLICIT_RETAIN_SELF = YES;
				CLANG_WARN_OBJC_LITERAL_CONVERSION = YES;
				CLANG_WARN_OBJC_ROOT_CLASS = YES_ERROR;
				CLANG_WARN_QUOTED_INCLUDE_IN_FRAMEWORK_HEADER = YES;
				CLANG_WARN_RANGE_LOOP_ANALYSIS = YES;
				CLANG_WARN_STRICT_PROTOTYPES = YES;
				CLANG_WARN_SUSPICIOUS_MOVE = YES;
				CLANG_WARN_UNGUARDED_AVAILABILITY = YES_AGGRESSIVE;
				CLANG_WARN_UNREACHABLE_CODE = YES;
				CLANG_WARN__DUPLICATE_METHOD_MATCH = YES;
				COPY_PHASE_STRIP = NO;
				DEBUG_INFORMATION_FORMAT = dwarf;
				ENABLE_STRICT_OBJC_MSGSEND = YES;
				ENABLE_TESTABILITY = YES;
				GCC_C_LANGUAGE_STANDARD = gnu11;
				GCC_DYNAMIC_NO_PIC = NO;
				GCC_NO_COMMON_BLOCKS = YES;
				GCC_OPTIMIZATION_LEVEL = 0;
				GCC_PREPROCESSOR_DEFINITIONS = (
					"DEBUG=1",
					"$(inherited)",
				);
				GCC_WARN_64_TO_32_BIT_CONVERSION = YES;
				GCC_WARN_ABOUT_RETURN_TYPE = YES_ERROR;
				GCC_WARN_UNDECLARED_SELECTOR = YES;
				GCC_WARN_UNINITIALIZED_AUTOS = YES_AGGRESSIVE;
				GCC_WARN_UNUSED_FUNCTION = YES;
				GCC_WARN_UNUSED_VARIABLE = YES;
				MTL_ENABLE_DEBUG_INFO = INCLUDE_SOURCE;
				MTL_FAST_MATH = YES;
				ONLY_ACTIVE_ARCH = YES;
				SWIFT_ACTIVE_COMPILATION_CONDITIONS = DEBUG;
				SWIFT_OPTIMIZATION_LEVEL = "-Onone";
			};
			name = Debug;
		};
		649DF88C2655EF32005A69C1 /* Release */ = {
			isa = XCBuildConfiguration;
			buildSettings = {
				ALWAYS_SEARCH_USER_PATHS = NO;
				CLANG_ANALYZER_NONNULL = YES;
				CLANG_ANALYZER_NUMBER_OBJECT_CONVERSION = YES_AGGRESSIVE;
				CLANG_CXX_LANGUAGE_STANDARD = "gnu++14";
				CLANG_CXX_LIBRARY = "libc++";
				CLANG_ENABLE_MODULES = YES;
				CLANG_ENABLE_OBJC_ARC = YES;
				CLANG_ENABLE_OBJC_WEAK = YES;
				CLANG_WARN_BLOCK_CAPTURE_AUTORELEASING = YES;
				CLANG_WARN_BOOL_CONVERSION = YES;
				CLANG_WARN_COMMA = YES;
				CLANG_WARN_CONSTANT_CONVERSION = YES;
				CLANG_WARN_DEPRECATED_OBJC_IMPLEMENTATIONS = YES;
				CLANG_WARN_DIRECT_OBJC_ISA_USAGE = YES_ERROR;
				CLANG_WARN_DOCUMENTATION_COMMENTS = YES;
				CLANG_WARN_EMPTY_BODY = YES;
				CLANG_WARN_ENUM_CONVERSION = YES;
				CLANG_WARN_INFINITE_RECURSION = YES;
				CLANG_WARN_INT_CONVERSION = YES;
				CLANG_WARN_NON_LITERAL_NULL_CONVERSION = YES;
				CLANG_WARN_OBJC_IMPLICIT_RETAIN_SELF = YES;
				CLANG_WARN_OBJC_LITERAL_CONVERSION = YES;
				CLANG_WARN_OBJC_ROOT_CLASS = YES_ERROR;
				CLANG_WARN_QUOTED_INCLUDE_IN_FRAMEWORK_HEADER = YES;
				CLANG_WARN_RANGE_LOOP_ANALYSIS = YES;
				CLANG_WARN_STRICT_PROTOTYPES = YES;
				CLANG_WARN_SUSPICIOUS_MOVE = YES;
				CLANG_WARN_UNGUARDED_AVAILABILITY = YES_AGGRESSIVE;
				CLANG_WARN_UNREACHABLE_CODE = YES;
				CLANG_WARN__DUPLICATE_METHOD_MATCH = YES;
				COPY_PHASE_STRIP = NO;
				DEBUG_INFORMATION_FORMAT = "dwarf-with-dsym";
				ENABLE_NS_ASSERTIONS = NO;
				ENABLE_STRICT_OBJC_MSGSEND = YES;
				GCC_C_LANGUAGE_STANDARD = gnu11;
				GCC_NO_COMMON_BLOCKS = YES;
				GCC_WARN_64_TO_32_BIT_CONVERSION = YES;
				GCC_WARN_ABOUT_RETURN_TYPE = YES_ERROR;
				GCC_WARN_UNDECLARED_SELECTOR = YES;
				GCC_WARN_UNINITIALIZED_AUTOS = YES_AGGRESSIVE;
				GCC_WARN_UNUSED_FUNCTION = YES;
				GCC_WARN_UNUSED_VARIABLE = YES;
				MTL_ENABLE_DEBUG_INFO = NO;
				MTL_FAST_MATH = YES;
				SWIFT_COMPILATION_MODE = wholemodule;
				SWIFT_OPTIMIZATION_LEVEL = "-O";
			};
			name = Release;
		};
		649DF88E2655EF32005A69C1 /* Debug */ = {
			isa = XCBuildConfiguration;
			buildSettings = {
				ASSETCATALOG_COMPILER_APPICON_NAME = AppIcon;
				ASSETCATALOG_COMPILER_GLOBAL_ACCENT_COLOR_NAME = AccentColor;
				CODE_SIGN_STYLE = Automatic;
				DEVELOPMENT_TEAM = RX8KMMGN2G;
				ENABLE_PREVIEWS = YES;
				INFOPLIST_FILE = iOS/Info.plist;
				IPHONEOS_DEPLOYMENT_TARGET = 14.0;
				LD_RUNPATH_SEARCH_PATHS = (
					"$(inherited)",
					"@executable_path/Frameworks",
				);
				PRODUCT_BUNDLE_IDENTIFIER = com.conradtaylor.Flix;
				PRODUCT_NAME = Flix;
				SDKROOT = iphoneos;
				SWIFT_VERSION = 5.0;
				TARGETED_DEVICE_FAMILY = "1,2";
			};
			name = Debug;
		};
		649DF88F2655EF32005A69C1 /* Release */ = {
			isa = XCBuildConfiguration;
			buildSettings = {
				ASSETCATALOG_COMPILER_APPICON_NAME = AppIcon;
				ASSETCATALOG_COMPILER_GLOBAL_ACCENT_COLOR_NAME = AccentColor;
				CODE_SIGN_STYLE = Automatic;
				DEVELOPMENT_TEAM = RX8KMMGN2G;
				ENABLE_PREVIEWS = YES;
				INFOPLIST_FILE = iOS/Info.plist;
				IPHONEOS_DEPLOYMENT_TARGET = 14.0;
				LD_RUNPATH_SEARCH_PATHS = (
					"$(inherited)",
					"@executable_path/Frameworks",
				);
				PRODUCT_BUNDLE_IDENTIFIER = com.conradtaylor.Flix;
				PRODUCT_NAME = Flix;
				SDKROOT = iphoneos;
				SWIFT_VERSION = 5.0;
				TARGETED_DEVICE_FAMILY = "1,2";
				VALIDATE_PRODUCT = YES;
			};
			name = Release;
		};
		649DF8912655EF32005A69C1 /* Debug */ = {
			isa = XCBuildConfiguration;
			buildSettings = {
				ASSETCATALOG_COMPILER_APPICON_NAME = AppIcon;
				ASSETCATALOG_COMPILER_GLOBAL_ACCENT_COLOR_NAME = AccentColor;
				CODE_SIGN_ENTITLEMENTS = macOS/macOS.entitlements;
				CODE_SIGN_IDENTITY = "-";
				CODE_SIGN_STYLE = Automatic;
				COMBINE_HIDPI_IMAGES = YES;
				DEVELOPMENT_TEAM = RX8KMMGN2G;
				ENABLE_HARDENED_RUNTIME = YES;
				ENABLE_PREVIEWS = YES;
				INFOPLIST_FILE = macOS/Info.plist;
				LD_RUNPATH_SEARCH_PATHS = (
					"$(inherited)",
					"@executable_path/../Frameworks",
				);
				MACOSX_DEPLOYMENT_TARGET = 11.0;
				PRODUCT_BUNDLE_IDENTIFIER = com.conradtaylor.Flix;
				PRODUCT_NAME = Flix;
				SDKROOT = macosx;
				SWIFT_VERSION = 5.0;
			};
			name = Debug;
		};
		649DF8922655EF32005A69C1 /* Release */ = {
			isa = XCBuildConfiguration;
			buildSettings = {
				ASSETCATALOG_COMPILER_APPICON_NAME = AppIcon;
				ASSETCATALOG_COMPILER_GLOBAL_ACCENT_COLOR_NAME = AccentColor;
				CODE_SIGN_ENTITLEMENTS = macOS/macOS.entitlements;
				CODE_SIGN_IDENTITY = "-";
				CODE_SIGN_STYLE = Automatic;
				COMBINE_HIDPI_IMAGES = YES;
				DEVELOPMENT_TEAM = RX8KMMGN2G;
				ENABLE_HARDENED_RUNTIME = YES;
				ENABLE_PREVIEWS = YES;
				INFOPLIST_FILE = macOS/Info.plist;
				LD_RUNPATH_SEARCH_PATHS = (
					"$(inherited)",
					"@executable_path/../Frameworks",
				);
				MACOSX_DEPLOYMENT_TARGET = 11.0;
				PRODUCT_BUNDLE_IDENTIFIER = com.conradtaylor.Flix;
				PRODUCT_NAME = Flix;
				SDKROOT = macosx;
				SWIFT_VERSION = 5.0;
			};
			name = Release;
		};
		649DF8942655EF32005A69C1 /* Debug */ = {
			isa = XCBuildConfiguration;
			buildSettings = {
				ALWAYS_EMBED_SWIFT_STANDARD_LIBRARIES = YES;
				CODE_SIGN_STYLE = Automatic;
				DEVELOPMENT_TEAM = RX8KMMGN2G;
				INFOPLIST_FILE = "Tests iOS/Info.plist";
				IPHONEOS_DEPLOYMENT_TARGET = 14.5;
				LD_RUNPATH_SEARCH_PATHS = (
					"$(inherited)",
					"@executable_path/Frameworks",
					"@loader_path/Frameworks",
				);
				PRODUCT_BUNDLE_IDENTIFIER = "com.conradtaylor.Tests-iOS";
				PRODUCT_NAME = "$(TARGET_NAME)";
				SDKROOT = iphoneos;
				SWIFT_VERSION = 5.0;
				TARGETED_DEVICE_FAMILY = "1,2";
				TEST_TARGET_NAME = "Flix (iOS)";
			};
			name = Debug;
		};
		649DF8952655EF32005A69C1 /* Release */ = {
			isa = XCBuildConfiguration;
			buildSettings = {
				ALWAYS_EMBED_SWIFT_STANDARD_LIBRARIES = YES;
				CODE_SIGN_STYLE = Automatic;
				DEVELOPMENT_TEAM = RX8KMMGN2G;
				INFOPLIST_FILE = "Tests iOS/Info.plist";
				IPHONEOS_DEPLOYMENT_TARGET = 14.5;
				LD_RUNPATH_SEARCH_PATHS = (
					"$(inherited)",
					"@executable_path/Frameworks",
					"@loader_path/Frameworks",
				);
				PRODUCT_BUNDLE_IDENTIFIER = "com.conradtaylor.Tests-iOS";
				PRODUCT_NAME = "$(TARGET_NAME)";
				SDKROOT = iphoneos;
				SWIFT_VERSION = 5.0;
				TARGETED_DEVICE_FAMILY = "1,2";
				TEST_TARGET_NAME = "Flix (iOS)";
				VALIDATE_PRODUCT = YES;
			};
			name = Release;
		};
		649DF8972655EF32005A69C1 /* Debug */ = {
			isa = XCBuildConfiguration;
			buildSettings = {
				ALWAYS_EMBED_SWIFT_STANDARD_LIBRARIES = YES;
				CODE_SIGN_STYLE = Automatic;
				COMBINE_HIDPI_IMAGES = YES;
				DEVELOPMENT_TEAM = RX8KMMGN2G;
				INFOPLIST_FILE = "Tests macOS/Info.plist";
				LD_RUNPATH_SEARCH_PATHS = (
					"$(inherited)",
					"@executable_path/../Frameworks",
					"@loader_path/../Frameworks",
				);
				MACOSX_DEPLOYMENT_TARGET = 11.3;
				PRODUCT_BUNDLE_IDENTIFIER = "com.conradtaylor.Tests-macOS";
				PRODUCT_NAME = "$(TARGET_NAME)";
				SDKROOT = macosx;
				SWIFT_VERSION = 5.0;
				TEST_TARGET_NAME = "Flix (macOS)";
			};
			name = Debug;
		};
		649DF8982655EF32005A69C1 /* Release */ = {
			isa = XCBuildConfiguration;
			buildSettings = {
				ALWAYS_EMBED_SWIFT_STANDARD_LIBRARIES = YES;
				CODE_SIGN_STYLE = Automatic;
				COMBINE_HIDPI_IMAGES = YES;
				DEVELOPMENT_TEAM = RX8KMMGN2G;
				INFOPLIST_FILE = "Tests macOS/Info.plist";
				LD_RUNPATH_SEARCH_PATHS = (
					"$(inherited)",
					"@executable_path/../Frameworks",
					"@loader_path/../Frameworks",
				);
				MACOSX_DEPLOYMENT_TARGET = 11.3;
				PRODUCT_BUNDLE_IDENTIFIER = "com.conradtaylor.Tests-macOS";
				PRODUCT_NAME = "$(TARGET_NAME)";
				SDKROOT = macosx;
				SWIFT_VERSION = 5.0;
				TEST_TARGET_NAME = "Flix (macOS)";
			};
			name = Release;
		};
/* End XCBuildConfiguration section */

/* Begin XCConfigurationList section */
		649DF85A2655EF2C005A69C1 /* Build configuration list for PBXProject "Flix" */ = {
			isa = XCConfigurationList;
			buildConfigurations = (
				649DF88B2655EF32005A69C1 /* Debug */,
				649DF88C2655EF32005A69C1 /* Release */,
			);
			defaultConfigurationIsVisible = 0;
			defaultConfigurationName = Release;
		};
		649DF88D2655EF32005A69C1 /* Build configuration list for PBXNativeTarget "Flix (iOS)" */ = {
			isa = XCConfigurationList;
			buildConfigurations = (
				649DF88E2655EF32005A69C1 /* Debug */,
				649DF88F2655EF32005A69C1 /* Release */,
			);
			defaultConfigurationIsVisible = 0;
			defaultConfigurationName = Release;
		};
		649DF8902655EF32005A69C1 /* Build configuration list for PBXNativeTarget "Flix (macOS)" */ = {
			isa = XCConfigurationList;
			buildConfigurations = (
				649DF8912655EF32005A69C1 /* Debug */,
				649DF8922655EF32005A69C1 /* Release */,
			);
			defaultConfigurationIsVisible = 0;
			defaultConfigurationName = Release;
		};
		649DF8932655EF32005A69C1 /* Build configuration list for PBXNativeTarget "Tests iOS" */ = {
			isa = XCConfigurationList;
			buildConfigurations = (
				649DF8942655EF32005A69C1 /* Debug */,
				649DF8952655EF32005A69C1 /* Release */,
			);
			defaultConfigurationIsVisible = 0;
			defaultConfigurationName = Release;
		};
		649DF8962655EF32005A69C1 /* Build configuration list for PBXNativeTarget "Tests macOS" */ = {
			isa = XCConfigurationList;
			buildConfigurations = (
				649DF8972655EF32005A69C1 /* Debug */,
				649DF8982655EF32005A69C1 /* Release */,
			);
			defaultConfigurationIsVisible = 0;
			defaultConfigurationName = Release;
		};
/* End XCConfigurationList section */

/* Begin XCRemoteSwiftPackageReference section */
		6476BDBF265B56CF0002CE95 /* XCRemoteSwiftPackageReference "apollo-ios" */ = {
			isa = XCRemoteSwiftPackageReference;
			repositoryURL = "https://github.com/apollographql/apollo-ios.git";
			requirement = {
				kind = upToNextMinorVersion;
				minimumVersion = 0.42.0;
			};
		};
/* End XCRemoteSwiftPackageReference section */

/* Begin XCSwiftPackageProductDependency section */
		6476BDC0265B56CF0002CE95 /* ApolloCore */ = {
			isa = XCSwiftPackageProductDependency;
			package = 6476BDBF265B56CF0002CE95 /* XCRemoteSwiftPackageReference "apollo-ios" */;
			productName = ApolloCore;
		};
		6476BDC2265B56CF0002CE95 /* ApolloSQLite */ = {
			isa = XCSwiftPackageProductDependency;
			package = 6476BDBF265B56CF0002CE95 /* XCRemoteSwiftPackageReference "apollo-ios" */;
			productName = ApolloSQLite;
		};
		6476BDC4265B56CF0002CE95 /* ApolloWebSocket */ = {
			isa = XCSwiftPackageProductDependency;
			package = 6476BDBF265B56CF0002CE95 /* XCRemoteSwiftPackageReference "apollo-ios" */;
			productName = ApolloWebSocket;
		};
		6476BDC6265B56CF0002CE95 /* Apollo */ = {
			isa = XCSwiftPackageProductDependency;
			package = 6476BDBF265B56CF0002CE95 /* XCRemoteSwiftPackageReference "apollo-ios" */;
			productName = Apollo;
		};
		6476BDC8265B56CF0002CE95 /* ApolloCodegenLib */ = {
			isa = XCSwiftPackageProductDependency;
			package = 6476BDBF265B56CF0002CE95 /* XCRemoteSwiftPackageReference "apollo-ios" */;
			productName = ApolloCodegenLib;
		};
/* End XCSwiftPackageProductDependency section */
	};
	rootObject = 649DF8572655EF2C005A69C1 /* Project object */;
}
